// !$*UTF8*$!
{
	archiveVersion = 1;
	classes = {
	};
	objectVersion = 50;
	objects = {

/* Begin PBXBuildFile section */
		1737B27C26E21DD100DDAEA1 /* AppDelegate.swift in Sources */ = {isa = PBXBuildFile; fileRef = 1737B27B26E21DD100DDAEA1 /* AppDelegate.swift */; };
		1737B27E26E21DD100DDAEA1 /* SceneDelegate.swift in Sources */ = {isa = PBXBuildFile; fileRef = 1737B27D26E21DD100DDAEA1 /* SceneDelegate.swift */; };
		1737B28026E21DD100DDAEA1 /* ViewController.swift in Sources */ = {isa = PBXBuildFile; fileRef = 1737B27F26E21DD100DDAEA1 /* ViewController.swift */; };
		1737B28326E21DD100DDAEA1 /* Main.storyboard in Resources */ = {isa = PBXBuildFile; fileRef = 1737B28126E21DD100DDAEA1 /* Main.storyboard */; };
		1737B28526E21DD500DDAEA1 /* Assets.xcassets in Resources */ = {isa = PBXBuildFile; fileRef = 1737B28426E21DD500DDAEA1 /* Assets.xcassets */; };
		1737B28826E21DD500DDAEA1 /* LaunchScreen.storyboard in Resources */ = {isa = PBXBuildFile; fileRef = 1737B28626E21DD500DDAEA1 /* LaunchScreen.storyboard */; };
/* End PBXBuildFile section */

/* Begin PBXFileReference section */
		1737B27826E21DD100DDAEA1 /* PH_004.app */ = {isa = PBXFileReference; explicitFileType = wrapper.application; includeInIndex = 0; path = PH_004.app; sourceTree = BUILT_PRODUCTS_DIR; };
		1737B27B26E21DD100DDAEA1 /* AppDelegate.swift */ = {isa = PBXFileReference; lastKnownFileType = sourcecode.swift; path = AppDelegate.swift; sourceTree = "<group>"; };
		1737B27D26E21DD100DDAEA1 /* SceneDelegate.swift */ = {isa = PBXFileReference; lastKnownFileType = sourcecode.swift; path = SceneDelegate.swift; sourceTree = "<group>"; };
		1737B27F26E21DD100DDAEA1 /* ViewController.swift */ = {isa = PBXFileReference; lastKnownFileType = sourcecode.swift; path = ViewController.swift; sourceTree = "<group>"; };
		1737B28226E21DD100DDAEA1 /* Base */ = {isa = PBXFileReference; lastKnownFileType = file.storyboard; name = Base; path = Base.lproj/Main.storyboard; sourceTree = "<group>"; };
		1737B28426E21DD500DDAEA1 /* Assets.xcassets */ = {isa = PBXFileReference; lastKnownFileType = folder.assetcatalog; path = Assets.xcassets; sourceTree = "<group>"; };
		1737B28726E21DD500DDAEA1 /* Base */ = {isa = PBXFileReference; lastKnownFileType = file.storyboard; name = Base; path = Base.lproj/LaunchScreen.storyboard; sourceTree = "<group>"; };
		1737B28926E21DD500DDAEA1 /* Info.plist */ = {isa = PBXFileReference; lastKnownFileType = text.plist.xml; path = Info.plist; sourceTree = "<group>"; };
/* End PBXFileReference section */

/* Begin PBXFrameworksBuildPhase section */
		1737B27526E21DD100DDAEA1 /* Frameworks */ = {
			isa = PBXFrameworksBuildPhase;
			buildActionMask = 2147483647;
			files = (
			);
			runOnlyForDeploymentPostprocessing = 0;
		};
/* End PBXFrameworksBuildPhase section */

/* Begin PBXGroup section */
		1737B26F26E21DD100DDAEA1 = {
			isa = PBXGroup;
			children = (
				1737B27A26E21DD100DDAEA1 /* PH_004 */,
				1737B27926E21DD100DDAEA1 /* Products */,
			);
			sourceTree = "<group>";
		};
		1737B27926E21DD100DDAEA1 /* Products */ = {
			isa = PBXGroup;
			children = (
				1737B27826E21DD100DDAEA1 /* PH_004.app */,
			);
			name = Products;
			sourceTree = "<group>";
		};
		1737B27A26E21DD100DDAEA1 /* PH_004 */ = {
			isa = PBXGroup;
			children = (
				1737B27B26E21DD100DDAEA1 /* AppDelegate.swift */,
				1737B27D26E21DD100DDAEA1 /* SceneDelegate.swift */,
				1737B29126E26A4900DDAEA1 /* Model */,
				1737B28F26E26A3400DDAEA1 /* View */,
				1737B29026E26A3C00DDAEA1 /* Controller */,
				1737B28426E21DD500DDAEA1 /* Assets.xcassets */,
				1737B28626E21DD500DDAEA1 /* LaunchScreen.storyboard */,
				1737B28926E21DD500DDAEA1 /* Info.plist */,
			);
			path = PH_004;
			sourceTree = "<group>";
		};
		1737B28F26E26A3400DDAEA1 /* View */ = {
			isa = PBXGroup;
			children = (
				1737B28126E21DD100DDAEA1 /* Main.storyboard */,
			);
			path = View;
			sourceTree = "<group>";
		};
		1737B29026E26A3C00DDAEA1 /* Controller */ = {
			isa = PBXGroup;
			children = (
				1737B27F26E21DD100DDAEA1 /* ViewController.swift */,
			);
			path = Controller;
			sourceTree = "<group>";
		};
		1737B29126E26A4900DDAEA1 /* Model */ = {
			isa = PBXGroup;
			children = (
			);
			name = Model;
			sourceTree = "<group>";
		};
/* End PBXGroup section */

/* Begin PBXNativeTarget section */
		1737B27726E21DD100DDAEA1 /* PH_004 */ = {
			isa = PBXNativeTarget;
			buildConfigurationList = 1737B28C26E21DD500DDAEA1 /* Build configuration list for PBXNativeTarget "PH_004" */;
			buildPhases = (
				1737B27426E21DD100DDAEA1 /* Sources */,
				1737B27526E21DD100DDAEA1 /* Frameworks */,
				1737B27626E21DD100DDAEA1 /* Resources */,
			);
			buildRules = (
			);
			dependencies = (
			);
			name = PH_004;
			productName = PH_004;
			productReference = 1737B27826E21DD100DDAEA1 /* PH_004.app */;
			productType = "com.apple.product-type.application";
		};
/* End PBXNativeTarget section */

/* Begin PBXProject section */
		1737B27026E21DD100DDAEA1 /* Project object */ = {
			isa = PBXProject;
			attributes = {
				LastSwiftUpdateCheck = 1250;
				LastUpgradeCheck = 1250;
				TargetAttributes = {
					1737B27726E21DD100DDAEA1 = {
						CreatedOnToolsVersion = 12.5.1;
					};
				};
			};
			buildConfigurationList = 1737B27326E21DD100DDAEA1 /* Build configuration list for PBXProject "PH_004" */;
			compatibilityVersion = "Xcode 9.3";
			developmentRegion = en;
			hasScannedForEncodings = 0;
			knownRegions = (
				en,
				Base,
			);
			mainGroup = 1737B26F26E21DD100DDAEA1;
			productRefGroup = 1737B27926E21DD100DDAEA1 /* Products */;
			projectDirPath = "";
			projectRoot = "";
			targets = (
				1737B27726E21DD100DDAEA1 /* PH_004 */,
			);
		};
/* End PBXProject section */

/* Begin PBXResourcesBuildPhase section */
		1737B27626E21DD100DDAEA1 /* Resources */ = {
			isa = PBXResourcesBuildPhase;
			buildActionMask = 2147483647;
			files = (
				1737B28826E21DD500DDAEA1 /* LaunchScreen.storyboard in Resources */,
				1737B28526E21DD500DDAEA1 /* Assets.xcassets in Resources */,
				1737B28326E21DD100DDAEA1 /* Main.storyboard in Resources */,
			);
			runOnlyForDeploymentPostprocessing = 0;
		};
/* End PBXResourcesBuildPhase section */

/* Begin PBXSourcesBuildPhase section */
		1737B27426E21DD100DDAEA1 /* Sources */ = {
			isa = PBXSourcesBuildPhase;
			buildActionMask = 2147483647;
			files = (
				1737B28026E21DD100DDAEA1 /* ViewController.swift in Sources */,
				1737B27C26E21DD100DDAEA1 /* AppDelegate.swift in Sources */,
				1737B27E26E21DD100DDAEA1 /* SceneDelegate.swift in Sources */,
			);
			runOnlyForDeploymentPostprocessing = 0;
		};
/* End PBXSourcesBuildPhase section */

/* Begin PBXVariantGroup section */
		1737B28126E21DD100DDAEA1 /* Main.storyboard */ = {
			isa = PBXVariantGroup;
			children = (
				1737B28226E21DD100DDAEA1 /* Base */,
			);
			name = Main.storyboard;
			sourceTree = "<group>";
		};
		1737B28626E21DD500DDAEA1 /* LaunchScreen.storyboard */ = {
			isa = PBXVariantGroup;
			children = (
				1737B28726E21DD500DDAEA1 /* Base */,
			);
			name = LaunchScreen.storyboard;
			sourceTree = "<group>";
		};
/* End PBXVariantGroup section */

/* Begin XCBuildConfiguration section */
		1737B28A26E21DD500DDAEA1 /* Debug */ = {
			isa = XCBuildConfiguration;
			buildSettings = {
				ALWAYS_SEARCH_USER_PATHS = NO;
				CLANG_ANALYZER_NONNULL = YES;
				CLANG_ANALYZER_NUMBER_OBJECT_CONVERSION = YES_AGGRESSIVE;
				CLANG_CXX_LANGUAGE_STANDARD = "gnu++14";
				CLANG_CXX_LIBRARY = "libc++";
				CLANG_ENABLE_MODULES = YES;
				CLANG_ENABLE_OBJC_ARC = YES;
				CLANG_ENABLE_OBJC_WEAK = YES;
				CLANG_WARN_BLOCK_CAPTURE_AUTORELEASING = YES;
				CLANG_WARN_BOOL_CONVERSION = YES;
				CLANG_WARN_COMMA = YES;
				CLANG_WARN_CONSTANT_CONVERSION = YES;
				CLANG_WARN_DEPRECATED_OBJC_IMPLEMENTATIONS = YES;
				CLANG_WARN_DIRECT_OBJC_ISA_USAGE = YES_ERROR;
				CLANG_WARN_DOCUMENTATION_COMMENTS = YES;
				CLANG_WARN_EMPTY_BODY = YES;
				CLANG_WARN_ENUM_CONVERSION = YES;
				CLANG_WARN_INFINITE_RECURSION = YES;
				CLANG_WARN_INT_CONVERSION = YES;
				CLANG_WARN_NON_LITERAL_NULL_CONVERSION = YES;
				CLANG_WARN_OBJC_IMPLICIT_RETAIN_SELF = YES;
				CLANG_WARN_OBJC_LITERAL_CONVERSION = YES;
				CLANG_WARN_OBJC_ROOT_CLASS = YES_ERROR;
				CLANG_WARN_QUOTED_INCLUDE_IN_FRAMEWORK_HEADER = YES;
				CLANG_WARN_RANGE_LOOP_ANALYSIS = YES;
				CLANG_WARN_STRICT_PROTOTYPES = YES;
				CLANG_WARN_SUSPICIOUS_MOVE = YES;
				CLANG_WARN_UNGUARDED_AVAILABILITY = YES_AGGRESSIVE;
				CLANG_WARN_UNREACHABLE_CODE = YES;
				CLANG_WARN__DUPLICATE_METHOD_MATCH = YES;
				COPY_PHASE_STRIP = NO;
				DEBUG_INFORMATION_FORMAT = dwarf;
				ENABLE_STRICT_OBJC_MSGSEND = YES;
				ENABLE_TESTABILITY = YES;
				GCC_C_LANGUAGE_STANDARD = gnu11;
				GCC_DYNAMIC_NO_PIC = NO;
				GCC_NO_COMMON_BLOCKS = YES;
				GCC_OPTIMIZATION_LEVEL = 0;
				GCC_PREPROCESSOR_DEFINITIONS = (
					"DEBUG=1",
					"$(inherited)",
				);
				GCC_WARN_64_TO_32_BIT_CONVERSION = YES;
				GCC_WARN_ABOUT_RETURN_TYPE = YES_ERROR;
				GCC_WARN_UNDECLARED_SELECTOR = YES;
				GCC_WARN_UNINITIALIZED_AUTOS = YES_AGGRESSIVE;
				GCC_WARN_UNUSED_FUNCTION = YES;
				GCC_WARN_UNUSED_VARIABLE = YES;
				IPHONEOS_DEPLOYMENT_TARGET = 14.5;
				MTL_ENABLE_DEBUG_INFO = INCLUDE_SOURCE;
				MTL_FAST_MATH = YES;
				ONLY_ACTIVE_ARCH = YES;
				SDKROOT = iphoneos;
				SWIFT_ACTIVE_COMPILATION_CONDITIONS = DEBUG;
				SWIFT_OPTIMIZATION_LEVEL = "-Onone";
			};
			name = Debug;
		};
		1737B28B26E21DD500DDAEA1 /* Release */ = {
			isa = XCBuildConfiguration;
			buildSettings = {
				ALWAYS_SEARCH_USER_PATHS = NO;
				CLANG_ANALYZER_NONNULL = YES;
				CLANG_ANALYZER_NUMBER_OBJECT_CONVERSION = YES_AGGRESSIVE;
				CLANG_CXX_LANGUAGE_STANDARD = "gnu++14";
				CLANG_CXX_LIBRARY = "libc++";
				CLANG_ENABLE_MODULES = YES;
				CLANG_ENABLE_OBJC_ARC = YES;
				CLANG_ENABLE_OBJC_WEAK = YES;
				CLANG_WARN_BLOCK_CAPTURE_AUTORELEASING = YES;
				CLANG_WARN_BOOL_CONVERSION = YES;
				CLANG_WARN_COMMA = YES;
				CLANG_WARN_CONSTANT_CONVERSION = YES;
				CLANG_WARN_DEPRECATED_OBJC_IMPLEMENTATIONS = YES;
				CLANG_WARN_DIRECT_OBJC_ISA_USAGE = YES_ERROR;
				CLANG_WARN_DOCUMENTATION_COMMENTS = YES;
				CLANG_WARN_EMPTY_BODY = YES;
				CLANG_WARN_ENUM_CONVERSION = YES;
				CLANG_WARN_INFINITE_RECURSION = YES;
				CLANG_WARN_INT_CONVERSION = YES;
				CLANG_WARN_NON_LITERAL_NULL_CONVERSION = YES;
				CLANG_WARN_OBJC_IMPLICIT_RETAIN_SELF = YES;
				CLANG_WARN_OBJC_LITERAL_CONVERSION = YES;
				CLANG_WARN_OBJC_ROOT_CLASS = YES_ERROR;
				CLANG_WARN_QUOTED_INCLUDE_IN_FRAMEWORK_HEADER = YES;
				CLANG_WARN_RANGE_LOOP_ANALYSIS = YES;
				CLANG_WARN_STRICT_PROTOTYPES = YES;
				CLANG_WARN_SUSPICIOUS_MOVE = YES;
				CLANG_WARN_UNGUARDED_AVAILABILITY = YES_AGGRESSIVE;
				CLANG_WARN_UNREACHABLE_CODE = YES;
				CLANG_WARN__DUPLICATE_METHOD_MATCH = YES;
				COPY_PHASE_STRIP = NO;
				DEBUG_INFORMATION_FORMAT = "dwarf-with-dsym";
				ENABLE_NS_ASSERTIONS = NO;
				ENABLE_STRICT_OBJC_MSGSEND = YES;
				GCC_C_LANGUAGE_STANDARD = gnu11;
				GCC_NO_COMMON_BLOCKS = YES;
				GCC_WARN_64_TO_32_BIT_CONVERSION = YES;
				GCC_WARN_ABOUT_RETURN_TYPE = YES_ERROR;
				GCC_WARN_UNDECLARED_SELECTOR = YES;
				GCC_WARN_UNINITIALIZED_AUTOS = YES_AGGRESSIVE;
				GCC_WARN_UNUSED_FUNCTION = YES;
				GCC_WARN_UNUSED_VARIABLE = YES;
				IPHONEOS_DEPLOYMENT_TARGET = 14.5;
				MTL_ENABLE_DEBUG_INFO = NO;
				MTL_FAST_MATH = YES;
				SDKROOT = iphoneos;
				SWIFT_COMPILATION_MODE = wholemodule;
				SWIFT_OPTIMIZATION_LEVEL = "-O";
				VALIDATE_PRODUCT = YES;
			};
			name = Release;
		};
		1737B28D26E21DD500DDAEA1 /* Debug */ = {
			isa = XCBuildConfiguration;
			buildSettings = {
				ASSETCATALOG_COMPILER_APPICON_NAME = AppIcon;
				ASSETCATALOG_COMPILER_GLOBAL_ACCENT_COLOR_NAME = AccentColor;
				CODE_SIGN_STYLE = Automatic;
				INFOPLIST_FILE = PH_004/Info.plist;
				LD_RUNPATH_SEARCH_PATHS = (
					"$(inherited)",
					"@executable_path/Frameworks",
				);
				PRODUCT_BUNDLE_IDENTIFIER = "com.moody-bull-habib.PH-004";
				PRODUCT_NAME = "$(TARGET_NAME)";
				SWIFT_VERSION = 5.0;
				TARGETED_DEVICE_FAMILY = "1,2";
			};
			name = Debug;
		};
		1737B28E26E21DD500DDAEA1 /* Release */ = {
			isa = XCBuildConfiguration;
			buildSettings = {
				ASSETCATALOG_COMPILER_APPICON_NAME = AppIcon;
				ASSETCATALOG_COMPILER_GLOBAL_ACCENT_COLOR_NAME = AccentColor;
				CODE_SIGN_STYLE = Automatic;
				INFOPLIST_FILE = PH_004/Info.plist;
				LD_RUNPATH_SEARCH_PATHS = (
					"$(inherited)",
					"@executable_path/Frameworks",
				);
				PRODUCT_BUNDLE_IDENTIFIER = "com.moody-bull-habib.PH-004";
				PRODUCT_NAME = "$(TARGET_NAME)";
				SWIFT_VERSION = 5.0;
				TARGETED_DEVICE_FAMILY = "1,2";
			};
			name = Release;
		};
/* End XCBuildConfiguration section */

/* Begin XCConfigurationList section */
		1737B27326E21DD100DDAEA1 /* Build configuration list for PBXProject "PH_004" */ = {
			isa = XCConfigurationList;
			buildConfigurations = (
				1737B28A26E21DD500DDAEA1 /* Debug */,
				1737B28B26E21DD500DDAEA1 /* Release */,
			);
			defaultConfigurationIsVisible = 0;
			defaultConfigurationName = Release;
		};
		1737B28C26E21DD500DDAEA1 /* Build configuration list for PBXNativeTarget "PH_004" */ = {
			isa = XCConfigurationList;
			buildConfigurations = (
				1737B28D26E21DD500DDAEA1 /* Debug */,
				1737B28E26E21DD500DDAEA1 /* Release */,
			);
			defaultConfigurationIsVisible = 0;
			defaultConfigurationName = Release;
		};
/* End XCConfigurationList section */
	};
	rootObject = 1737B27026E21DD100DDAEA1 /* Project object */;
}
